<?xml version="1.0" encoding="UTF-8" standalone="yes" ?>
<CodeBlocks_project_file>
   <FileVersion major="1" minor="6" />
   <Project>
      <Option title="Jedi" />
      <Option makefile_is_custom="1" />
      <Option compiler="gcc" />
      <Option virtualFolders="CMake Files\;CMake Files\extern\;CMake Files\extern\acgl\;CMake Files\extern\acgl\cmake\;CMake Files\extern\wiic\;CMake Files\extern\LibOVR\;CMake Files\cmake\;CMake Files\src\;" />
      <Build>
      <Target title="all">
         <Option working_dir="/home/frederic/Work/SWP2014Master" />
         <Option type="4" />
         <MakeCommands>
            <Build command="/usr/bin/make -f &quot;/home/frederic/Work/SWP2014Master/Makefile&quot;  VERBOSE=1 all" />
            <CompileFile command="/usr/bin/make -f &quot;/home/frederic/Work/SWP2014Master/Makefile&quot;  VERBOSE=1 &quot;$file&quot;" />
            <Clean command="/usr/bin/make -f &quot;/home/frederic/Work/SWP2014Master/Makefile&quot;  VERBOSE=1 clean" />
            <DistClean command="/usr/bin/make -f &quot;/home/frederic/Work/SWP2014Master/Makefile&quot;  VERBOSE=1 clean" />
         </MakeCommands>
      </Target>
      <Target title="Jedi">
         <Option output="/home/frederic/Work/SWP2014Master/bin/Jedi" prefix_auto="0" extension_auto="0" />
         <Option working_dir="/home/frederic/Work/SWP2014Master/bin" />
         <Option object_output="./" />
         <Option type="1" />
         <Option compiler="gcc" />
         <Compiler>
            <Add option="-DACGL_OPENGL_VERSION_32" />
            <Add option="-DACGL_OPENGL_PROFILE_CORE" />
            <Add option="-DDEBUG" />
            <Add option="-DNO_SPACE_NAVIGATOR_SUPPORT" />
            <Add option="-DACGL_USE_OCULUS_RIFT" />
            <Add option="-DACGL_COMPILE_WITH_GLFW" />
            <Add option="-DQT_OPENGL_LIB" />
            <Add option="-DQT_GUI_LIB" />
            <Add option="-DQT_CORE_LIB" />
            <Add option="-DQT_DEBUG" />
            <Add directory="/home/frederic/Work/SWP2014Master/extern/LibOVR/Include" />
            <Add directory="/home/frederic/Work/SWP2014Master/extern/LibOVR/Src" />
            <Add directory="/home/frederic/Work/SWP2014Master/extern/acgl/include" />
            <Add directory="/home/frederic/Work/SWP2014Master/extern/bullet3/build/lib" />
            <Add directory="/home/frederic/Work/SWP2014Master/extern/glfw/include" />
            <Add directory="/home/frederic/Work/SWP2014Master/extern/wiic/src/log" />
            <Add directory="/home/frederic/Work/SWP2014Master/extern/wiic/src/wiic" />
            <Add directory="/home/frederic/Work/SWP2014Master/extern/wiic/src/wiicpp" />
            <Add directory="/home/frederic/Work/SWP2014Master/src/cgengine/headers" />
            <Add directory="/home/frederic/Work/SWP2014Master/src/game_logic/headers" />
            <Add directory="/usr/include/qt4" />
            <Add directory="/usr/include/qt4/QtCore" />
            <Add directory="/usr/include/qt4/QtGui" />
            <Add directory="/usr/include/qt4/QtOpenGL" />
            <Add directory="/usr/local/include/assimp" />
         </Compiler>
         <MakeCommands>
            <Build command="/usr/bin/make -f &quot;/home/frederic/Work/SWP2014Master/Makefile&quot;  VERBOSE=1 Jedi" />
            <CompileFile command="/usr/bin/make -f &quot;/home/frederic/Work/SWP2014Master/Makefile&quot;  VERBOSE=1 &quot;$file&quot;" />
            <Clean command="/usr/bin/make -f &quot;/home/frederic/Work/SWP2014Master/Makefile&quot;  VERBOSE=1 clean" />
            <DistClean command="/usr/bin/make -f &quot;/home/frederic/Work/SWP2014Master/Makefile&quot;  VERBOSE=1 clean" />
         </MakeCommands>
      </Target>
      <Target title="Jedi/fast">
         <Option output="/home/frederic/Work/SWP2014Master/bin/Jedi" prefix_auto="0" extension_auto="0" />
         <Option working_dir="/home/frederic/Work/SWP2014Master/bin" />
         <Option object_output="./" />
         <Option type="1" />
         <Option compiler="gcc" />
         <Compiler>
            <Add option="-DACGL_OPENGL_VERSION_32" />
            <Add option="-DACGL_OPENGL_PROFILE_CORE" />
            <Add option="-DDEBUG" />
            <Add option="-DNO_SPACE_NAVIGATOR_SUPPORT" />
            <Add option="-DACGL_USE_OCULUS_RIFT" />
            <Add option="-DACGL_COMPILE_WITH_GLFW" />
            <Add option="-DQT_OPENGL_LIB" />
            <Add option="-DQT_GUI_LIB" />
            <Add option="-DQT_CORE_LIB" />
            <Add option="-DQT_DEBUG" />
            <Add directory="/home/frederic/Work/SWP2014Master/extern/LibOVR/Include" />
            <Add directory="/home/frederic/Work/SWP2014Master/extern/LibOVR/Src" />
            <Add directory="/home/frederic/Work/SWP2014Master/extern/acgl/include" />
            <Add directory="/home/frederic/Work/SWP2014Master/extern/bullet3/build/lib" />
            <Add directory="/home/frederic/Work/SWP2014Master/extern/glfw/include" />
            <Add directory="/home/frederic/Work/SWP2014Master/extern/wiic/src/log" />
            <Add directory="/home/frederic/Work/SWP2014Master/extern/wiic/src/wiic" />
            <Add directory="/home/frederic/Work/SWP2014Master/extern/wiic/src/wiicpp" />
            <Add directory="/home/frederic/Work/SWP2014Master/src/cgengine/headers" />
            <Add directory="/home/frederic/Work/SWP2014Master/src/game_logic/headers" />
            <Add directory="/usr/include/qt4" />
            <Add directory="/usr/include/qt4/QtCore" />
            <Add directory="/usr/include/qt4/QtGui" />
            <Add directory="/usr/include/qt4/QtOpenGL" />
            <Add directory="/usr/local/include/assimp" />
         </Compiler>
         <MakeCommands>
            <Build command="/usr/bin/make -f &quot;/home/frederic/Work/SWP2014Master/Makefile&quot;  VERBOSE=1 Jedi/fast" />
            <CompileFile command="/usr/bin/make -f &quot;/home/frederic/Work/SWP2014Master/Makefile&quot;  VERBOSE=1 &quot;$file&quot;" />
            <Clean command="/usr/bin/make -f &quot;/home/frederic/Work/SWP2014Master/Makefile&quot;  VERBOSE=1 clean" />
            <DistClean command="/usr/bin/make -f &quot;/home/frederic/Work/SWP2014Master/Makefile&quot;  VERBOSE=1 clean" />
         </MakeCommands>
      </Target>
      <Target title="edit_cache">
         <Option working_dir="/home/frederic/Work/SWP2014Master" />
         <Option type="4" />
         <MakeCommands>
            <Build command="/usr/bin/make -f &quot;/home/frederic/Work/SWP2014Master/Makefile&quot;  VERBOSE=1 edit_cache" />
            <CompileFile command="/usr/bin/make -f &quot;/home/frederic/Work/SWP2014Master/Makefile&quot;  VERBOSE=1 &quot;$file&quot;" />
            <Clean command="/usr/bin/make -f &quot;/home/frederic/Work/SWP2014Master/Makefile&quot;  VERBOSE=1 clean" />
            <DistClean command="/usr/bin/make -f &quot;/home/frederic/Work/SWP2014Master/Makefile&quot;  VERBOSE=1 clean" />
         </MakeCommands>
      </Target>
      <Target title="rebuild_cache">
         <Option working_dir="/home/frederic/Work/SWP2014Master" />
         <Option type="4" />
         <MakeCommands>
            <Build command="/usr/bin/make -f &quot;/home/frederic/Work/SWP2014Master/Makefile&quot;  VERBOSE=1 rebuild_cache" />
            <CompileFile command="/usr/bin/make -f &quot;/home/frederic/Work/SWP2014Master/Makefile&quot;  VERBOSE=1 &quot;$file&quot;" />
            <Clean command="/usr/bin/make -f &quot;/home/frederic/Work/SWP2014Master/Makefile&quot;  VERBOSE=1 clean" />
            <DistClean command="/usr/bin/make -f &quot;/home/frederic/Work/SWP2014Master/Makefile&quot;  VERBOSE=1 clean" />
         </MakeCommands>
      </Target>
      </Build>
      <Unit filename="/home/frederic/Work/SWP2014Master/extern/LibOVR/Src/Kernel/OVR_Alg.cpp">
      </Unit>
      <Unit filename="/home/frederic/Work/SWP2014Master/extern/LibOVR/Src/Kernel/OVR_Allocator.cpp">
      </Unit>
      <Unit filename="/home/frederic/Work/SWP2014Master/extern/LibOVR/Src/Kernel/OVR_Atomic.cpp">
      </Unit>
      <Unit filename="/home/frederic/Work/SWP2014Master/extern/LibOVR/Src/Kernel/OVR_File.cpp">
      </Unit>
      <Unit filename="/home/frederic/Work/SWP2014Master/extern/LibOVR/Src/Kernel/OVR_FileFILE.cpp">
      </Unit>
      <Unit filename="/home/frederic/Work/SWP2014Master/extern/LibOVR/Src/Kernel/OVR_Log.cpp">
      </Unit>
      <Unit filename="/home/frederic/Work/SWP2014Master/extern/LibOVR/Src/Kernel/OVR_Math.cpp">
      </Unit>
      <Unit filename="/home/frederic/Work/SWP2014Master/extern/LibOVR/Src/Kernel/OVR_RefCount.cpp">
      </Unit>
      <Unit filename="/home/frederic/Work/SWP2014Master/extern/LibOVR/Src/Kernel/OVR_Std.cpp">
      </Unit>
      <Unit filename="/home/frederic/Work/SWP2014Master/extern/LibOVR/Src/Kernel/OVR_String.cpp">
      </Unit>
      <Unit filename="/home/frederic/Work/SWP2014Master/extern/LibOVR/Src/Kernel/OVR_String_FormatUtil.cpp">
      </Unit>
      <Unit filename="/home/frederic/Work/SWP2014Master/extern/LibOVR/Src/Kernel/OVR_String_PathUtil.cpp">
      </Unit>
      <Unit filename="/home/frederic/Work/SWP2014Master/extern/LibOVR/Src/Kernel/OVR_SysFile.cpp">
      </Unit>
      <Unit filename="/home/frederic/Work/SWP2014Master/extern/LibOVR/Src/Kernel/OVR_System.cpp">
      </Unit>
      <Unit filename="/home/frederic/Work/SWP2014Master/extern/LibOVR/Src/Kernel/OVR_ThreadsPthread.cpp">
      </Unit>
      <Unit filename="/home/frederic/Work/SWP2014Master/extern/LibOVR/Src/Kernel/OVR_Timer.cpp">
      </Unit>
      <Unit filename="/home/frederic/Work/SWP2014Master/extern/LibOVR/Src/Kernel/OVR_UTF8Util.cpp">
      </Unit>
      <Unit filename="/home/frederic/Work/SWP2014Master/extern/LibOVR/Src/OVR_DeviceHandle.cpp">
      </Unit>
      <Unit filename="/home/frederic/Work/SWP2014Master/extern/LibOVR/Src/OVR_DeviceImpl.cpp">
      </Unit>
      <Unit filename="/home/frederic/Work/SWP2014Master/extern/LibOVR/Src/OVR_JSON.cpp">
      </Unit>
      <Unit filename="/home/frederic/Work/SWP2014Master/extern/LibOVR/Src/OVR_LatencyTestImpl.cpp">
      </Unit>
      <Unit filename="/home/frederic/Work/SWP2014Master/extern/LibOVR/Src/OVR_Linux_DeviceManager.cpp">
      </Unit>
      <Unit filename="/home/frederic/Work/SWP2014Master/extern/LibOVR/Src/OVR_Linux_HIDDevice.cpp">
      </Unit>
      <Unit filename="/home/frederic/Work/SWP2014Master/extern/LibOVR/Src/OVR_Linux_HMDDevice.cpp">
      </Unit>
      <Unit filename="/home/frederic/Work/SWP2014Master/extern/LibOVR/Src/OVR_Linux_SensorDevice.cpp">
      </Unit>
      <Unit filename="/home/frederic/Work/SWP2014Master/extern/LibOVR/Src/OVR_Profile.cpp">
      </Unit>
      <Unit filename="/home/frederic/Work/SWP2014Master/extern/LibOVR/Src/OVR_SensorFilter.cpp">
      </Unit>
      <Unit filename="/home/frederic/Work/SWP2014Master/extern/LibOVR/Src/OVR_SensorFusion.cpp">
      </Unit>
      <Unit filename="/home/frederic/Work/SWP2014Master/extern/LibOVR/Src/OVR_SensorImpl.cpp">
      </Unit>
      <Unit filename="/home/frederic/Work/SWP2014Master/extern/LibOVR/Src/OVR_ThreadCommandQueue.cpp">
      </Unit>
      <Unit filename="/home/frederic/Work/SWP2014Master/extern/LibOVR/Src/Util/Util_LatencyTest.cpp">
      </Unit>
      <Unit filename="/home/frederic/Work/SWP2014Master/extern/LibOVR/Src/Util/Util_Render_Stereo.cpp">
      </Unit>
      <Unit filename="/home/frederic/Work/SWP2014Master/extern/acgl/src/ACGL/ACGL.cc">
      </Unit>
      <Unit filename="/home/frederic/Work/SWP2014Master/extern/acgl/src/ACGL/Animations/Animation.cc">
      </Unit>
      <Unit filename="/home/frederic/Work/SWP2014Master/extern/acgl/src/ACGL/HardwareSupport/GamePad.cc">
      </Unit>
      <Unit filename="/home/frederic/Work/SWP2014Master/extern/acgl/src/ACGL/HardwareSupport/SimpleRiftController.cc">
      </Unit>
      <Unit filename="/home/frederic/Work/SWP2014Master/extern/acgl/src/ACGL/HardwareSupport/SpaceNavControl.cc">
      </Unit>
      <Unit filename="/home/frederic/Work/SWP2014Master/extern/acgl/src/ACGL/HardwareSupport/SpaceNavPollInterface.cc">
      </Unit>
      <Unit filename="/home/frederic/Work/SWP2014Master/extern/acgl/src/ACGL/Math/Functions.cc">
      </Unit>
      <Unit filename="/home/frederic/Work/SWP2014Master/extern/acgl/src/ACGL/OpenGL/Creator/ArrayBufferCreator.cc">
      </Unit>
      <Unit filename="/home/frederic/Work/SWP2014Master/extern/acgl/src/ACGL/OpenGL/Creator/ShaderCreator.cc">
      </Unit>
      <Unit filename="/home/frederic/Work/SWP2014Master/extern/acgl/src/ACGL/OpenGL/Creator/ShaderParser.cc">
      </Unit>
      <Unit filename="/home/frederic/Work/SWP2014Master/extern/acgl/src/ACGL/OpenGL/Creator/ShaderParserFactory.cc">
      </Unit>
      <Unit filename="/home/frederic/Work/SWP2014Master/extern/acgl/src/ACGL/OpenGL/Creator/ShaderProgramCreator.cc">
      </Unit>
      <Unit filename="/home/frederic/Work/SWP2014Master/extern/acgl/src/ACGL/OpenGL/Creator/Texture2DCreator.cc">
      </Unit>
      <Unit filename="/home/frederic/Work/SWP2014Master/extern/acgl/src/ACGL/OpenGL/Creator/VertexArrayObjectCreator.cc">
      </Unit>
      <Unit filename="/home/frederic/Work/SWP2014Master/extern/acgl/src/ACGL/OpenGL/Data/ArrayBufferLoadStore.cc">
      </Unit>
      <Unit filename="/home/frederic/Work/SWP2014Master/extern/acgl/src/ACGL/OpenGL/Data/ColorSpace.cc">
      </Unit>
      <Unit filename="/home/frederic/Work/SWP2014Master/extern/acgl/src/ACGL/OpenGL/Data/GeometryDataLoadStore.cc">
      </Unit>
      <Unit filename="/home/frederic/Work/SWP2014Master/extern/acgl/src/ACGL/OpenGL/Data/GeometryDataLoadStoreATB.cc">
      </Unit>
      <Unit filename="/home/frederic/Work/SWP2014Master/extern/acgl/src/ACGL/OpenGL/Data/GeometryDataLoadStoreOBJ.cc">
      </Unit>
      <Unit filename="/home/frederic/Work/SWP2014Master/extern/acgl/src/ACGL/OpenGL/Data/GeometryDataLoadStoreVAP.cc">
      </Unit>
      <Unit filename="/home/frederic/Work/SWP2014Master/extern/acgl/src/ACGL/OpenGL/Data/LocationMappings.cc">
      </Unit>
      <Unit filename="/home/frederic/Work/SWP2014Master/extern/acgl/src/ACGL/OpenGL/Data/TextureData.cc">
      </Unit>
      <Unit filename="/home/frederic/Work/SWP2014Master/extern/acgl/src/ACGL/OpenGL/Data/TextureDataLoadStore.cc">
      </Unit>
      <Unit filename="/home/frederic/Work/SWP2014Master/extern/acgl/src/ACGL/OpenGL/Data/TextureLoadStore.cc">
      </Unit>
      <Unit filename="/home/frederic/Work/SWP2014Master/extern/acgl/src/ACGL/OpenGL/Data/TextureLoadStoreDDS.cc">
      </Unit>
      <Unit filename="/home/frederic/Work/SWP2014Master/extern/acgl/src/ACGL/OpenGL/Data/VertexArrayObjectLoadStore.cc">
      </Unit>
      <Unit filename="/home/frederic/Work/SWP2014Master/extern/acgl/src/ACGL/OpenGL/Data/VertexArrayObjectLoadStoreVAO.cc">
      </Unit>
      <Unit filename="/home/frederic/Work/SWP2014Master/extern/acgl/src/ACGL/OpenGL/Debug.cc">
      </Unit>
      <Unit filename="/home/frederic/Work/SWP2014Master/extern/acgl/src/ACGL/OpenGL/HiLevelObjects/RenderObject.cc">
      </Unit>
      <Unit filename="/home/frederic/Work/SWP2014Master/extern/acgl/src/ACGL/OpenGL/HiLevelObjects/ShaderProgramObject.cc">
      </Unit>
      <Unit filename="/home/frederic/Work/SWP2014Master/extern/acgl/src/ACGL/OpenGL/Objects/ArrayBuffer.cc">
      </Unit>
      <Unit filename="/home/frederic/Work/SWP2014Master/extern/acgl/src/ACGL/OpenGL/Objects/ElementArrayBuffer.cc">
      </Unit>
      <Unit filename="/home/frederic/Work/SWP2014Master/extern/acgl/src/ACGL/OpenGL/Objects/FrameBufferObject.cc">
      </Unit>
      <Unit filename="/home/frederic/Work/SWP2014Master/extern/acgl/src/ACGL/OpenGL/Objects/ProgramPipeline.cc">
      </Unit>
      <Unit filename="/home/frederic/Work/SWP2014Master/extern/acgl/src/ACGL/OpenGL/Objects/Sampler.cc">
      </Unit>
      <Unit filename="/home/frederic/Work/SWP2014Master/extern/acgl/src/ACGL/OpenGL/Objects/Shader.cc">
      </Unit>
      <Unit filename="/home/frederic/Work/SWP2014Master/extern/acgl/src/ACGL/OpenGL/Objects/ShaderProgram.cc">
      </Unit>
      <Unit filename="/home/frederic/Work/SWP2014Master/extern/acgl/src/ACGL/OpenGL/Objects/Texture.cc">
      </Unit>
      <Unit filename="/home/frederic/Work/SWP2014Master/extern/acgl/src/ACGL/OpenGL/Objects/UniformBuffer.cc">
      </Unit>
      <Unit filename="/home/frederic/Work/SWP2014Master/extern/acgl/src/ACGL/OpenGL/Objects/VertexArrayObject.cc">
      </Unit>
      <Unit filename="/home/frederic/Work/SWP2014Master/extern/acgl/src/ACGL/OpenGL/Tools.cc">
      </Unit>
      <Unit filename="/home/frederic/Work/SWP2014Master/extern/acgl/src/ACGL/OpenGL/glloaders/KHR_debug_emulator.cc">
      </Unit>
      <Unit filename="/home/frederic/Work/SWP2014Master/extern/acgl/src/ACGL/OpenGL/glloaders/gl_select.cc">
      </Unit>
      <Unit filename="/home/frederic/Work/SWP2014Master/extern/acgl/src/ACGL/Scene/CameraBase.cc">
      </Unit>
      <Unit filename="/home/frederic/Work/SWP2014Master/extern/acgl/src/ACGL/Scene/CoordinateSystem.cc">
      </Unit>
      <Unit filename="/home/frederic/Work/SWP2014Master/extern/acgl/src/ACGL/Scene/FixedCamera.cc">
      </Unit>
      <Unit filename="/home/frederic/Work/SWP2014Master/extern/acgl/src/ACGL/Scene/GenericCamera.cc">
      </Unit>
      <Unit filename="/home/frederic/Work/SWP2014Master/extern/acgl/src/ACGL/Scene/HMDCamera.cc">
      </Unit>
      <Unit filename="/home/frederic/Work/SWP2014Master/extern/acgl/src/ACGL/Scene/MoveableObject.cc">
      </Unit>
      <Unit filename="/home/frederic/Work/SWP2014Master/extern/acgl/src/ACGL/Utils/FileHelpers.cc">
      </Unit>
      <Unit filename="/home/frederic/Work/SWP2014Master/extern/acgl/src/ACGL/Utils/Log.cc">
      </Unit>
      <Unit filename="/home/frederic/Work/SWP2014Master/extern/acgl/src/ACGL/Utils/Memory.cc">
      </Unit>
      <Unit filename="/home/frederic/Work/SWP2014Master/extern/acgl/src/ACGL/Utils/StringHelpers.cc">
      </Unit>
      <Unit filename="/home/frederic/Work/SWP2014Master/extern/acgl/src/linuxjoystick/Joystick.cpp">
      </Unit>
      <Unit filename="/home/frederic/Work/SWP2014Master/extern/acgl/src/lodepng/lodepng.cpp">
      </Unit>
      <Unit filename="/home/frederic/Work/SWP2014Master/extern/acgl/src/nv_dds/nv_dds.cpp">
      </Unit>
      <Unit filename="/home/frederic/Work/SWP2014Master/extern/acgl/src/rgbe/rgbe.cc">
      </Unit>
      <Unit filename="/home/frederic/Work/SWP2014Master/extern/wiic/src/log/dataset.cpp">
      </Unit>
      <Unit filename="/home/frederic/Work/SWP2014Master/extern/wiic/src/log/training.cpp">
      </Unit>
      <Unit filename="/home/frederic/Work/SWP2014Master/extern/wiic/src/wiic/balanceboard.c">
      </Unit>
      <Unit filename="/home/frederic/Work/SWP2014Master/extern/wiic/src/wiic/classic.c">
      </Unit>
      <Unit filename="/home/frederic/Work/SWP2014Master/extern/wiic/src/wiic/dynamics.c">
      </Unit>
      <Unit filename="/home/frederic/Work/SWP2014Master/extern/wiic/src/wiic/events.c">
      </Unit>
      <Unit filename="/home/frederic/Work/SWP2014Master/extern/wiic/src/wiic/guitar_hero_3.c">
      </Unit>
      <Unit filename="/home/frederic/Work/SWP2014Master/extern/wiic/src/wiic/io.c">
      </Unit>
      <Unit filename="/home/frederic/Work/SWP2014Master/extern/wiic/src/wiic/io_nix.c">
      </Unit>
      <Unit filename="/home/frederic/Work/SWP2014Master/extern/wiic/src/wiic/ir.c">
      </Unit>
      <Unit filename="/home/frederic/Work/SWP2014Master/extern/wiic/src/wiic/motionplus.c">
      </Unit>
      <Unit filename="/home/frederic/Work/SWP2014Master/extern/wiic/src/wiic/nunchuk.c">
      </Unit>
      <Unit filename="/home/frederic/Work/SWP2014Master/extern/wiic/src/wiic/speaker.c">
      </Unit>
      <Unit filename="/home/frederic/Work/SWP2014Master/extern/wiic/src/wiic/wiic.c">
      </Unit>
      <Unit filename="/home/frederic/Work/SWP2014Master/extern/wiic/src/wiicpp/wiicpp.cpp">
      </Unit>
      <Unit filename="/home/frederic/Work/SWP2014Master/src/audio/SimpleSound.cc">
      </Unit>
      <Unit filename="/home/frederic/Work/SWP2014Master/src/audio/audio.cc">
      </Unit>
      <Unit filename="/home/frederic/Work/SWP2014Master/src/audio/loadWavFile.cc">
      </Unit>
      <Unit filename="/home/frederic/Work/SWP2014Master/src/cgengine/source/lights/CGEDirectionalLight.cpp">
      </Unit>
      <Unit filename="/home/frederic/Work/SWP2014Master/src/cgengine/source/lights/CGELight.cpp">
      </Unit>
      <Unit filename="/home/frederic/Work/SWP2014Master/src/cgengine/source/lights/CGEPointLight.cpp">
      </Unit>
      <Unit filename="/home/frederic/Work/SWP2014Master/src/cgengine/source/lights/CGESpotLight.cpp">
      </Unit>
      <Unit filename="/home/frederic/Work/SWP2014Master/src/cgengine/source/lights/CGE_multiple_lights.cpp">
      </Unit>
      <Unit filename="/home/frederic/Work/SWP2014Master/src/cgengine/source/math/CGETransformation.cpp">
      </Unit>
      <Unit filename="/home/frederic/Work/SWP2014Master/src/cgengine/source/mesh/CGEAnimatedMesh.cpp">
      </Unit>
      <Unit filename="/home/frederic/Work/SWP2014Master/src/cgengine/source/mesh/CGEFullScreenQuad.cpp">
      </Unit>
      <Unit filename="/home/frederic/Work/SWP2014Master/src/cgengine/source/mesh/CGEMesh.cpp">
      </Unit>
      <Unit filename="/home/frederic/Work/SWP2014Master/src/cgengine/source/object/CGEObject.cpp">
      </Unit>
      <Unit filename="/home/frederic/Work/SWP2014Master/src/cgengine/source/textures/CGETexture2D.cpp">
      </Unit>
      <Unit filename="/home/frederic/Work/SWP2014Master/src/game_logic/source/event_sys/GLGEventManager.cpp">
      </Unit>
      <Unit filename="/home/frederic/Work/SWP2014Master/src/game_logic/source/process_sys/GLGProcessManager.cpp">
      </Unit>
      <Unit filename="/home/frederic/Work/SWP2014Master/src/input/input.cc">
      </Unit>
      <Unit filename="/home/frederic/Work/SWP2014Master/src/input/mouse.cc">
      </Unit>
      <Unit filename="/home/frederic/Work/SWP2014Master/src/input/wii.cc">
      </Unit>
      <Unit filename="/home/frederic/Work/SWP2014Master/src/main.cc">
      </Unit>
      <Unit filename="/home/frederic/Work/SWP2014Master/src/renderer.cc">
      </Unit>
      <Unit filename="/home/frederic/Work/SWP2014Master/src/world/PhysicsObject.cc">
      </Unit>
      <Unit filename="/home/frederic/Work/SWP2014Master/src/world/audiosystem.cc">
      </Unit>
      <Unit filename="/home/frederic/Work/SWP2014Master/src/world/deferred_shading.cc">
      </Unit>
      <Unit filename="/home/frederic/Work/SWP2014Master/src/world/droid.cc">
      </Unit>
      <Unit filename="/home/frederic/Work/SWP2014Master/src/world/eventlisteners.cc">
      </Unit>
      <Unit filename="/home/frederic/Work/SWP2014Master/src/world/events.cc">
      </Unit>
      <Unit filename="/home/frederic/Work/SWP2014Master/src/world/gbuffer.cc">
      </Unit>
      <Unit filename="/home/frederic/Work/SWP2014Master/src/world/lightsaber.cc">
      </Unit>
      <Unit filename="/home/frederic/Work/SWP2014Master/src/world/player.cc">
      </Unit>
      <Unit filename="/home/frederic/Work/SWP2014Master/src/world/world.cc">
      </Unit>
      <Unit filename="/home/frederic/Work/SWP2014Master/src/world/world_physics.cc">
      </Unit>
      <Unit filename="/home/frederic/Work/SWP2014Master/bin/shader/Bunny.fsh">
      </Unit>
      <Unit filename="/home/frederic/Work/SWP2014Master/bin/shader/Bunny.vsh">
      </Unit>
      <Unit filename="/home/frederic/Work/SWP2014Master/bin/shader/Combine.fsh">
      </Unit>
      <Unit filename="/home/frederic/Work/SWP2014Master/bin/shader/Combine.vsh">
      </Unit>
      <Unit filename="/home/frederic/Work/SWP2014Master/bin/shader/Noise.glsl">
      </Unit>
      <Unit filename="/home/frederic/Work/SWP2014Master/bin/shader/RiftDistort.vsh">
      </Unit>
      <Unit filename="/home/frederic/Work/SWP2014Master/bin/shader/RiftDistortTwoTexture.fsh">
      </Unit>
      <Unit filename="/home/frederic/Work/SWP2014Master/bin/shader/dir_light_pass.fsh">
      </Unit>
      <Unit filename="/home/frederic/Work/SWP2014Master/bin/shader/dir_light_pass.vsh">
      </Unit>
      <Unit filename="/home/frederic/Work/SWP2014Master/bin/shader/droidShader.fsh">
      </Unit>
      <Unit filename="/home/frederic/Work/SWP2014Master/bin/shader/droidShader.vsh">
      </Unit>
      <Unit filename="/home/frederic/Work/SWP2014Master/bin/shader/geometry_pass.fsh">
      </Unit>
      <Unit filename="/home/frederic/Work/SWP2014Master/bin/shader/geometry_pass.vsh">
      </Unit>
      <Unit filename="/home/frederic/Work/SWP2014Master/bin/shader/lightsaberShader.fsh">
      </Unit>
      <Unit filename="/home/frederic/Work/SWP2014Master/bin/shader/lightsaberShader.vsh">
      </Unit>
      <Unit filename="/home/frederic/Work/SWP2014Master/bin/shader/null_technique.fsh">
      </Unit>
      <Unit filename="/home/frederic/Work/SWP2014Master/bin/shader/null_technique.vsh">
      </Unit>
      <Unit filename="/home/frederic/Work/SWP2014Master/bin/shader/pass_through.fsh">
      </Unit>
      <Unit filename="/home/frederic/Work/SWP2014Master/bin/shader/pass_through.vsh">
      </Unit>
      <Unit filename="/home/frederic/Work/SWP2014Master/bin/shader/point_light_pass.fsh">
      </Unit>
      <Unit filename="/home/frederic/Work/SWP2014Master/bin/shader/point_light_pass.vsh">
      </Unit>
      <Unit filename="/home/frederic/Work/SWP2014Master/bin/shader/ray.fsh">
      </Unit>
      <Unit filename="/home/frederic/Work/SWP2014Master/bin/shader/ray.vsh">
      </Unit>
      <Unit filename="/home/frederic/Work/SWP2014Master/bin/shader/spot_light_pass.fsh">
      </Unit>
      <Unit filename="/home/frederic/Work/SWP2014Master/bin/shader/spot_light_pass.vsh">
      </Unit>
      <Unit filename="/home/frederic/Work/SWP2014Master/bin/shader/worldShader.fsh">
      </Unit>
      <Unit filename="/home/frederic/Work/SWP2014Master/bin/shader/worldShader.vsh">
      </Unit>
      <Unit filename="/home/frederic/Work/SWP2014Master/extern/LibOVR/Include/OVR.h">
      </Unit>
      <Unit filename="/home/frederic/Work/SWP2014Master/extern/LibOVR/Include/OVRVersion.h">
      </Unit>
      <Unit filename="/home/frederic/Work/SWP2014Master/extern/LibOVR/Src/Kernel/OVR_Alg.h">
      </Unit>
      <Unit filename="/home/frederic/Work/SWP2014Master/extern/LibOVR/Src/Kernel/OVR_Allocator.h">
      </Unit>
      <Unit filename="/home/frederic/Work/SWP2014Master/extern/LibOVR/Src/Kernel/OVR_Array.h">
      </Unit>
      <Unit filename="/home/frederic/Work/SWP2014Master/extern/LibOVR/Src/Kernel/OVR_Atomic.h">
      </Unit>
      <Unit filename="/home/frederic/Work/SWP2014Master/extern/LibOVR/Src/Kernel/OVR_Color.h">
      </Unit>
      <Unit filename="/home/frederic/Work/SWP2014Master/extern/LibOVR/Src/Kernel/OVR_ContainerAllocator.h">
      </Unit>
      <Unit filename="/home/frederic/Work/SWP2014Master/extern/LibOVR/Src/Kernel/OVR_File.h">
      </Unit>
      <Unit filename="/home/frederic/Work/SWP2014Master/extern/LibOVR/Src/Kernel/OVR_Hash.h">
      </Unit>
      <Unit filename="/home/frederic/Work/SWP2014Master/extern/LibOVR/Src/Kernel/OVR_KeyCodes.h">
      </Unit>
      <Unit filename="/home/frederic/Work/SWP2014Master/extern/LibOVR/Src/Kernel/OVR_List.h">
      </Unit>
      <Unit filename="/home/frederic/Work/SWP2014Master/extern/LibOVR/Src/Kernel/OVR_Log.h">
      </Unit>
      <Unit filename="/home/frederic/Work/SWP2014Master/extern/LibOVR/Src/Kernel/OVR_Math.h">
      </Unit>
      <Unit filename="/home/frederic/Work/SWP2014Master/extern/LibOVR/Src/Kernel/OVR_RefCount.h">
      </Unit>
      <Unit filename="/home/frederic/Work/SWP2014Master/extern/LibOVR/Src/Kernel/OVR_Std.h">
      </Unit>
      <Unit filename="/home/frederic/Work/SWP2014Master/extern/LibOVR/Src/Kernel/OVR_String.h">
      </Unit>
      <Unit filename="/home/frederic/Work/SWP2014Master/extern/LibOVR/Src/Kernel/OVR_StringHash.h">
      </Unit>
      <Unit filename="/home/frederic/Work/SWP2014Master/extern/LibOVR/Src/Kernel/OVR_SysFile.h">
      </Unit>
      <Unit filename="/home/frederic/Work/SWP2014Master/extern/LibOVR/Src/Kernel/OVR_System.h">
      </Unit>
      <Unit filename="/home/frederic/Work/SWP2014Master/extern/LibOVR/Src/Kernel/OVR_Threads.h">
      </Unit>
      <Unit filename="/home/frederic/Work/SWP2014Master/extern/LibOVR/Src/Kernel/OVR_Timer.h">
      </Unit>
      <Unit filename="/home/frederic/Work/SWP2014Master/extern/LibOVR/Src/Kernel/OVR_Types.h">
      </Unit>
      <Unit filename="/home/frederic/Work/SWP2014Master/extern/LibOVR/Src/Kernel/OVR_UTF8Util.h">
      </Unit>
      <Unit filename="/home/frederic/Work/SWP2014Master/extern/LibOVR/Src/OVR_Device.h">
      </Unit>
      <Unit filename="/home/frederic/Work/SWP2014Master/extern/LibOVR/Src/OVR_DeviceConstants.h">
      </Unit>
      <Unit filename="/home/frederic/Work/SWP2014Master/extern/LibOVR/Src/OVR_DeviceHandle.h">
      </Unit>
      <Unit filename="/home/frederic/Work/SWP2014Master/extern/LibOVR/Src/OVR_DeviceImpl.h">
      </Unit>
      <Unit filename="/home/frederic/Work/SWP2014Master/extern/LibOVR/Src/OVR_DeviceMessages.h">
      </Unit>
      <Unit filename="/home/frederic/Work/SWP2014Master/extern/LibOVR/Src/OVR_HIDDevice.h">
      </Unit>
      <Unit filename="/home/frederic/Work/SWP2014Master/extern/LibOVR/Src/OVR_HIDDeviceBase.h">
      </Unit>
      <Unit filename="/home/frederic/Work/SWP2014Master/extern/LibOVR/Src/OVR_HIDDeviceImpl.h">
      </Unit>
      <Unit filename="/home/frederic/Work/SWP2014Master/extern/LibOVR/Src/OVR_JSON.h">
      </Unit>
      <Unit filename="/home/frederic/Work/SWP2014Master/extern/LibOVR/Src/OVR_LatencyTestImpl.h">
      </Unit>
      <Unit filename="/home/frederic/Work/SWP2014Master/extern/LibOVR/Src/OVR_Linux_DeviceManager.h">
      </Unit>
      <Unit filename="/home/frederic/Work/SWP2014Master/extern/LibOVR/Src/OVR_Linux_HIDDevice.h">
      </Unit>
      <Unit filename="/home/frederic/Work/SWP2014Master/extern/LibOVR/Src/OVR_Linux_HMDDevice.h">
      </Unit>
      <Unit filename="/home/frederic/Work/SWP2014Master/extern/LibOVR/Src/OVR_Profile.h">
      </Unit>
      <Unit filename="/home/frederic/Work/SWP2014Master/extern/LibOVR/Src/OVR_SensorFilter.h">
      </Unit>
      <Unit filename="/home/frederic/Work/SWP2014Master/extern/LibOVR/Src/OVR_SensorFusion.h">
      </Unit>
      <Unit filename="/home/frederic/Work/SWP2014Master/extern/LibOVR/Src/OVR_SensorImpl.h">
      </Unit>
      <Unit filename="/home/frederic/Work/SWP2014Master/extern/LibOVR/Src/OVR_ThreadCommandQueue.h">
      </Unit>
      <Unit filename="/home/frederic/Work/SWP2014Master/extern/LibOVR/Src/Util/Util_LatencyTest.h">
      </Unit>
      <Unit filename="/home/frederic/Work/SWP2014Master/extern/LibOVR/Src/Util/Util_Render_Stereo.h">
      </Unit>
      <Unit filename="/home/frederic/Work/SWP2014Master/extern/acgl/include/ACGL/ACGL.hh">
      </Unit>
      <Unit filename="/home/frederic/Work/SWP2014Master/extern/acgl/include/ACGL/Animations/Animation.hh">
      </Unit>
      <Unit filename="/home/frederic/Work/SWP2014Master/extern/acgl/include/ACGL/Animations/EaseFunctions.hh">
      </Unit>
      <Unit filename="/home/frederic/Work/SWP2014Master/extern/acgl/include/ACGL/Animations/Interpolator.hh">
      </Unit>
      <Unit filename="/home/frederic/Work/SWP2014Master/extern/acgl/include/ACGL/Base/CompileTimeSettings.hh">
      </Unit>
      <Unit filename="/home/frederic/Work/SWP2014Master/extern/acgl/include/ACGL/Base/Macros.hh">
      </Unit>
      <Unit filename="/home/frederic/Work/SWP2014Master/extern/acgl/include/ACGL/Base/Settings.hh">
      </Unit>
      <Unit filename="/home/frederic/Work/SWP2014Master/extern/acgl/include/ACGL/Base/Singleton.hh">
      </Unit>
      <Unit filename="/home/frederic/Work/SWP2014Master/extern/acgl/include/ACGL/HardwareSupport/GamePad.hh">
      </Unit>
      <Unit filename="/home/frederic/Work/SWP2014Master/extern/acgl/include/ACGL/HardwareSupport/OVRWrapper.hh">
      </Unit>
      <Unit filename="/home/frederic/Work/SWP2014Master/extern/acgl/include/ACGL/HardwareSupport/SimpleRiftController.hh">
      </Unit>
      <Unit filename="/home/frederic/Work/SWP2014Master/extern/acgl/include/ACGL/HardwareSupport/SpaceNavControl.hh">
      </Unit>
      <Unit filename="/home/frederic/Work/SWP2014Master/extern/acgl/include/ACGL/HardwareSupport/SpaceNavPollInterface.hh">
      </Unit>
      <Unit filename="/home/frederic/Work/SWP2014Master/extern/acgl/include/ACGL/HardwareSupport/mini_spnav.h">
      </Unit>
      <Unit filename="/home/frederic/Work/SWP2014Master/extern/acgl/include/ACGL/Math/Constants.hh">
      </Unit>
      <Unit filename="/home/frederic/Work/SWP2014Master/extern/acgl/include/ACGL/Math/Functions.hh">
      </Unit>
      <Unit filename="/home/frederic/Work/SWP2014Master/extern/acgl/include/ACGL/Math/Math.hh">
      </Unit>
      <Unit filename="/home/frederic/Work/SWP2014Master/extern/acgl/include/ACGL/OpenGL/Controller.hh">
      </Unit>
      <Unit filename="/home/frederic/Work/SWP2014Master/extern/acgl/include/ACGL/OpenGL/Controller/ShaderControlFile.hh">
      </Unit>
      <Unit filename="/home/frederic/Work/SWP2014Master/extern/acgl/include/ACGL/OpenGL/Controller/ShaderProgramControlFiles.hh">
      </Unit>
      <Unit filename="/home/frederic/Work/SWP2014Master/extern/acgl/include/ACGL/OpenGL/Controller/VertexArrayObjectControlFile.hh">
      </Unit>
      <Unit filename="/home/frederic/Work/SWP2014Master/extern/acgl/include/ACGL/OpenGL/Creator/ArrayBufferCreator.hh">
      </Unit>
      <Unit filename="/home/frederic/Work/SWP2014Master/extern/acgl/include/ACGL/OpenGL/Creator/ShaderCreator.hh">
      </Unit>
      <Unit filename="/home/frederic/Work/SWP2014Master/extern/acgl/include/ACGL/OpenGL/Creator/ShaderParser.hh">
      </Unit>
      <Unit filename="/home/frederic/Work/SWP2014Master/extern/acgl/include/ACGL/OpenGL/Creator/ShaderParserFactory.hh">
      </Unit>
      <Unit filename="/home/frederic/Work/SWP2014Master/extern/acgl/include/ACGL/OpenGL/Creator/ShaderProgramCreator.hh">
      </Unit>
      <Unit filename="/home/frederic/Work/SWP2014Master/extern/acgl/include/ACGL/OpenGL/Creator/Texture2DCreator.hh">
      </Unit>
      <Unit filename="/home/frederic/Work/SWP2014Master/extern/acgl/include/ACGL/OpenGL/Creator/VertexArrayObjectCreator.hh">
      </Unit>
      <Unit filename="/home/frederic/Work/SWP2014Master/extern/acgl/include/ACGL/OpenGL/Data/ArrayBufferLoadStore.hh">
      </Unit>
      <Unit filename="/home/frederic/Work/SWP2014Master/extern/acgl/include/ACGL/OpenGL/Data/ColorSpace.hh">
      </Unit>
      <Unit filename="/home/frederic/Work/SWP2014Master/extern/acgl/include/ACGL/OpenGL/Data/GeometryData.hh">
      </Unit>
      <Unit filename="/home/frederic/Work/SWP2014Master/extern/acgl/include/ACGL/OpenGL/Data/GeometryDataLoadStore.hh">
      </Unit>
      <Unit filename="/home/frederic/Work/SWP2014Master/extern/acgl/include/ACGL/OpenGL/Data/LocationMappings.hh">
      </Unit>
      <Unit filename="/home/frederic/Work/SWP2014Master/extern/acgl/include/ACGL/OpenGL/Data/TextureData.hh">
      </Unit>
      <Unit filename="/home/frederic/Work/SWP2014Master/extern/acgl/include/ACGL/OpenGL/Data/TextureDataLoadStore.hh">
      </Unit>
      <Unit filename="/home/frederic/Work/SWP2014Master/extern/acgl/include/ACGL/OpenGL/Data/TextureLoadStore.hh">
      </Unit>
      <Unit filename="/home/frederic/Work/SWP2014Master/extern/acgl/include/ACGL/OpenGL/Data/VertexArrayObjectLoadStore.hh">
      </Unit>
      <Unit filename="/home/frederic/Work/SWP2014Master/extern/acgl/include/ACGL/OpenGL/Debug.hh">
      </Unit>
      <Unit filename="/home/frederic/Work/SWP2014Master/extern/acgl/include/ACGL/OpenGL/GL.hh">
      </Unit>
      <Unit filename="/home/frederic/Work/SWP2014Master/extern/acgl/include/ACGL/OpenGL/HiLevelObjects/RenderObject.hh">
      </Unit>
      <Unit filename="/home/frederic/Work/SWP2014Master/extern/acgl/include/ACGL/OpenGL/HiLevelObjects/ShaderProgramObject.hh">
      </Unit>
      <Unit filename="/home/frederic/Work/SWP2014Master/extern/acgl/include/ACGL/OpenGL/HiLevelObjects/Uniform.hh">
      </Unit>
      <Unit filename="/home/frederic/Work/SWP2014Master/extern/acgl/include/ACGL/OpenGL/HiLevelObjects/Viewport.hh">
      </Unit>
      <Unit filename="/home/frederic/Work/SWP2014Master/extern/acgl/include/ACGL/OpenGL/Managers.hh">
      </Unit>
      <Unit filename="/home/frederic/Work/SWP2014Master/extern/acgl/include/ACGL/OpenGL/Objects.hh">
      </Unit>
      <Unit filename="/home/frederic/Work/SWP2014Master/extern/acgl/include/ACGL/OpenGL/Objects/ArrayBuffer.hh">
      </Unit>
      <Unit filename="/home/frederic/Work/SWP2014Master/extern/acgl/include/ACGL/OpenGL/Objects/Buffer.hh">
      </Unit>
      <Unit filename="/home/frederic/Work/SWP2014Master/extern/acgl/include/ACGL/OpenGL/Objects/ElementArrayBuffer.hh">
      </Unit>
      <Unit filename="/home/frederic/Work/SWP2014Master/extern/acgl/include/ACGL/OpenGL/Objects/FrameBufferObject.hh">
      </Unit>
      <Unit filename="/home/frederic/Work/SWP2014Master/extern/acgl/include/ACGL/OpenGL/Objects/ProgramPipeline.hh">
      </Unit>
      <Unit filename="/home/frederic/Work/SWP2014Master/extern/acgl/include/ACGL/OpenGL/Objects/Query.hh">
      </Unit>
      <Unit filename="/home/frederic/Work/SWP2014Master/extern/acgl/include/ACGL/OpenGL/Objects/RenderBuffer.hh">
      </Unit>
      <Unit filename="/home/frederic/Work/SWP2014Master/extern/acgl/include/ACGL/OpenGL/Objects/Sampler.hh">
      </Unit>
      <Unit filename="/home/frederic/Work/SWP2014Master/extern/acgl/include/ACGL/OpenGL/Objects/Shader.hh">
      </Unit>
      <Unit filename="/home/frederic/Work/SWP2014Master/extern/acgl/include/ACGL/OpenGL/Objects/ShaderProgram.hh">
      </Unit>
      <Unit filename="/home/frederic/Work/SWP2014Master/extern/acgl/include/ACGL/OpenGL/Objects/Texture.hh">
      </Unit>
      <Unit filename="/home/frederic/Work/SWP2014Master/extern/acgl/include/ACGL/OpenGL/Objects/TextureBuffer.hh">
      </Unit>
      <Unit filename="/home/frederic/Work/SWP2014Master/extern/acgl/include/ACGL/OpenGL/Objects/UniformBuffer.hh">
      </Unit>
      <Unit filename="/home/frederic/Work/SWP2014Master/extern/acgl/include/ACGL/OpenGL/Objects/VertexArrayObject.hh">
      </Unit>
      <Unit filename="/home/frederic/Work/SWP2014Master/extern/acgl/include/ACGL/OpenGL/Tools.hh">
      </Unit>
      <Unit filename="/home/frederic/Work/SWP2014Master/extern/acgl/include/ACGL/OpenGL/glloaders/extensions.hh">
      </Unit>
      <Unit filename="/home/frederic/Work/SWP2014Master/extern/acgl/include/ACGL/OpenGL/glloaders/gl_compatibility_21.hh">
      </Unit>
      <Unit filename="/home/frederic/Work/SWP2014Master/extern/acgl/include/ACGL/OpenGL/glloaders/gl_compatibility_30.hh">
      </Unit>
      <Unit filename="/home/frederic/Work/SWP2014Master/extern/acgl/include/ACGL/OpenGL/glloaders/gl_compatibility_31.hh">
      </Unit>
      <Unit filename="/home/frederic/Work/SWP2014Master/extern/acgl/include/ACGL/OpenGL/glloaders/gl_compatibility_32.hh">
      </Unit>
      <Unit filename="/home/frederic/Work/SWP2014Master/extern/acgl/include/ACGL/OpenGL/glloaders/gl_compatibility_33.hh">
      </Unit>
      <Unit filename="/home/frederic/Work/SWP2014Master/extern/acgl/include/ACGL/OpenGL/glloaders/gl_compatibility_40.hh">
      </Unit>
      <Unit filename="/home/frederic/Work/SWP2014Master/extern/acgl/include/ACGL/OpenGL/glloaders/gl_compatibility_41.hh">
      </Unit>
      <Unit filename="/home/frederic/Work/SWP2014Master/extern/acgl/include/ACGL/OpenGL/glloaders/gl_compatibility_42.hh">
      </Unit>
      <Unit filename="/home/frederic/Work/SWP2014Master/extern/acgl/include/ACGL/OpenGL/glloaders/gl_compatibility_43.hh">
      </Unit>
      <Unit filename="/home/frederic/Work/SWP2014Master/extern/acgl/include/ACGL/OpenGL/glloaders/gl_compatibility_44.hh">
      </Unit>
      <Unit filename="/home/frederic/Work/SWP2014Master/extern/acgl/include/ACGL/OpenGL/glloaders/gl_core_32.hh">
      </Unit>
      <Unit filename="/home/frederic/Work/SWP2014Master/extern/acgl/include/ACGL/OpenGL/glloaders/gl_core_33.hh">
      </Unit>
      <Unit filename="/home/frederic/Work/SWP2014Master/extern/acgl/include/ACGL/OpenGL/glloaders/gl_core_40.hh">
      </Unit>
      <Unit filename="/home/frederic/Work/SWP2014Master/extern/acgl/include/ACGL/OpenGL/glloaders/gl_core_41.hh">
      </Unit>
      <Unit filename="/home/frederic/Work/SWP2014Master/extern/acgl/include/ACGL/OpenGL/glloaders/gl_core_42.hh">
      </Unit>
      <Unit filename="/home/frederic/Work/SWP2014Master/extern/acgl/include/ACGL/OpenGL/glloaders/gl_core_43.hh">
      </Unit>
      <Unit filename="/home/frederic/Work/SWP2014Master/extern/acgl/include/ACGL/OpenGL/glloaders/gl_core_44.hh">
      </Unit>
      <Unit filename="/home/frederic/Work/SWP2014Master/extern/acgl/include/ACGL/Resource/FileManager.hh">
      </Unit>
      <Unit filename="/home/frederic/Work/SWP2014Master/extern/acgl/include/ACGL/Resource/MultiFileBasedCreator.hh">
      </Unit>
      <Unit filename="/home/frederic/Work/SWP2014Master/extern/acgl/include/ACGL/Resource/NameManager.hh">
      </Unit>
      <Unit filename="/home/frederic/Work/SWP2014Master/extern/acgl/include/ACGL/Resource/SingleFileBasedCreator.hh">
      </Unit>
      <Unit filename="/home/frederic/Work/SWP2014Master/extern/acgl/include/ACGL/Scene/CameraBase.hh">
      </Unit>
      <Unit filename="/home/frederic/Work/SWP2014Master/extern/acgl/include/ACGL/Scene/CoordinateSystem.hh">
      </Unit>
      <Unit filename="/home/frederic/Work/SWP2014Master/extern/acgl/include/ACGL/Scene/FixedCamera.hh">
      </Unit>
      <Unit filename="/home/frederic/Work/SWP2014Master/extern/acgl/include/ACGL/Scene/GenericCamera.hh">
      </Unit>
      <Unit filename="/home/frederic/Work/SWP2014Master/extern/acgl/include/ACGL/Scene/HMDCamera.hh">
      </Unit>
      <Unit filename="/home/frederic/Work/SWP2014Master/extern/acgl/include/ACGL/Scene/MatrixStack.hh">
      </Unit>
      <Unit filename="/home/frederic/Work/SWP2014Master/extern/acgl/include/ACGL/Scene/MoveableObject.hh">
      </Unit>
      <Unit filename="/home/frederic/Work/SWP2014Master/extern/acgl/include/ACGL/Scene/NURBSControlPoint.hh">
      </Unit>
      <Unit filename="/home/frederic/Work/SWP2014Master/extern/acgl/include/ACGL/Scene/NURBSCurve.hh">
      </Unit>
      <Unit filename="/home/frederic/Work/SWP2014Master/extern/acgl/include/ACGL/Scene/NURBSDataVector.hh">
      </Unit>
      <Unit filename="/home/frederic/Work/SWP2014Master/extern/acgl/include/ACGL/Types.hh">
      </Unit>
      <Unit filename="/home/frederic/Work/SWP2014Master/extern/acgl/include/ACGL/Utils/FileHelpers.hh">
      </Unit>
      <Unit filename="/home/frederic/Work/SWP2014Master/extern/acgl/include/ACGL/Utils/FileHelpersiOS.h">
      </Unit>
      <Unit filename="/home/frederic/Work/SWP2014Master/extern/acgl/include/ACGL/Utils/Log.hh">
      </Unit>
      <Unit filename="/home/frederic/Work/SWP2014Master/extern/acgl/include/ACGL/Utils/Memory.hh">
      </Unit>
      <Unit filename="/home/frederic/Work/SWP2014Master/extern/acgl/include/ACGL/Utils/PerformanceTimer.hh">
      </Unit>
      <Unit filename="/home/frederic/Work/SWP2014Master/extern/acgl/include/ACGL/Utils/StringHelpers.hh">
      </Unit>
      <Unit filename="/home/frederic/Work/SWP2014Master/extern/acgl/include/glm/common.hpp">
      </Unit>
      <Unit filename="/home/frederic/Work/SWP2014Master/extern/acgl/include/glm/detail/_features.hpp">
      </Unit>
      <Unit filename="/home/frederic/Work/SWP2014Master/extern/acgl/include/glm/detail/_fixes.hpp">
      </Unit>
      <Unit filename="/home/frederic/Work/SWP2014Master/extern/acgl/include/glm/detail/_literals.hpp">
      </Unit>
      <Unit filename="/home/frederic/Work/SWP2014Master/extern/acgl/include/glm/detail/_noise.hpp">
      </Unit>
      <Unit filename="/home/frederic/Work/SWP2014Master/extern/acgl/include/glm/detail/_swizzle.hpp">
      </Unit>
      <Unit filename="/home/frederic/Work/SWP2014Master/extern/acgl/include/glm/detail/_swizzle_func.hpp">
      </Unit>
      <Unit filename="/home/frederic/Work/SWP2014Master/extern/acgl/include/glm/detail/_vectorize.hpp">
      </Unit>
      <Unit filename="/home/frederic/Work/SWP2014Master/extern/acgl/include/glm/detail/func_common.hpp">
      </Unit>
      <Unit filename="/home/frederic/Work/SWP2014Master/extern/acgl/include/glm/detail/func_exponential.hpp">
      </Unit>
      <Unit filename="/home/frederic/Work/SWP2014Master/extern/acgl/include/glm/detail/func_geometric.hpp">
      </Unit>
      <Unit filename="/home/frederic/Work/SWP2014Master/extern/acgl/include/glm/detail/func_integer.hpp">
      </Unit>
      <Unit filename="/home/frederic/Work/SWP2014Master/extern/acgl/include/glm/detail/func_matrix.hpp">
      </Unit>
      <Unit filename="/home/frederic/Work/SWP2014Master/extern/acgl/include/glm/detail/func_noise.hpp">
      </Unit>
      <Unit filename="/home/frederic/Work/SWP2014Master/extern/acgl/include/glm/detail/func_packing.hpp">
      </Unit>
      <Unit filename="/home/frederic/Work/SWP2014Master/extern/acgl/include/glm/detail/func_trigonometric.hpp">
      </Unit>
      <Unit filename="/home/frederic/Work/SWP2014Master/extern/acgl/include/glm/detail/func_vector_relational.hpp">
      </Unit>
      <Unit filename="/home/frederic/Work/SWP2014Master/extern/acgl/include/glm/detail/hint.hpp">
      </Unit>
      <Unit filename="/home/frederic/Work/SWP2014Master/extern/acgl/include/glm/detail/intrinsic_common.hpp">
      </Unit>
      <Unit filename="/home/frederic/Work/SWP2014Master/extern/acgl/include/glm/detail/intrinsic_exponential.hpp">
      </Unit>
      <Unit filename="/home/frederic/Work/SWP2014Master/extern/acgl/include/glm/detail/intrinsic_geometric.hpp">
      </Unit>
      <Unit filename="/home/frederic/Work/SWP2014Master/extern/acgl/include/glm/detail/intrinsic_integer.hpp">
      </Unit>
      <Unit filename="/home/frederic/Work/SWP2014Master/extern/acgl/include/glm/detail/intrinsic_matrix.hpp">
      </Unit>
      <Unit filename="/home/frederic/Work/SWP2014Master/extern/acgl/include/glm/detail/intrinsic_trigonometric.hpp">
      </Unit>
      <Unit filename="/home/frederic/Work/SWP2014Master/extern/acgl/include/glm/detail/intrinsic_vector_relational.hpp">
      </Unit>
      <Unit filename="/home/frederic/Work/SWP2014Master/extern/acgl/include/glm/detail/precision.hpp">
      </Unit>
      <Unit filename="/home/frederic/Work/SWP2014Master/extern/acgl/include/glm/detail/setup.hpp">
      </Unit>
      <Unit filename="/home/frederic/Work/SWP2014Master/extern/acgl/include/glm/detail/type_float.hpp">
      </Unit>
      <Unit filename="/home/frederic/Work/SWP2014Master/extern/acgl/include/glm/detail/type_gentype.hpp">
      </Unit>
      <Unit filename="/home/frederic/Work/SWP2014Master/extern/acgl/include/glm/detail/type_half.hpp">
      </Unit>
      <Unit filename="/home/frederic/Work/SWP2014Master/extern/acgl/include/glm/detail/type_int.hpp">
      </Unit>
      <Unit filename="/home/frederic/Work/SWP2014Master/extern/acgl/include/glm/detail/type_mat.hpp">
      </Unit>
      <Unit filename="/home/frederic/Work/SWP2014Master/extern/acgl/include/glm/detail/type_mat2x2.hpp">
      </Unit>
      <Unit filename="/home/frederic/Work/SWP2014Master/extern/acgl/include/glm/detail/type_mat2x3.hpp">
      </Unit>
      <Unit filename="/home/frederic/Work/SWP2014Master/extern/acgl/include/glm/detail/type_mat2x4.hpp">
      </Unit>
      <Unit filename="/home/frederic/Work/SWP2014Master/extern/acgl/include/glm/detail/type_mat3x2.hpp">
      </Unit>
      <Unit filename="/home/frederic/Work/SWP2014Master/extern/acgl/include/glm/detail/type_mat3x3.hpp">
      </Unit>
      <Unit filename="/home/frederic/Work/SWP2014Master/extern/acgl/include/glm/detail/type_mat3x4.hpp">
      </Unit>
      <Unit filename="/home/frederic/Work/SWP2014Master/extern/acgl/include/glm/detail/type_mat4x2.hpp">
      </Unit>
      <Unit filename="/home/frederic/Work/SWP2014Master/extern/acgl/include/glm/detail/type_mat4x3.hpp">
      </Unit>
      <Unit filename="/home/frederic/Work/SWP2014Master/extern/acgl/include/glm/detail/type_mat4x4.hpp">
      </Unit>
      <Unit filename="/home/frederic/Work/SWP2014Master/extern/acgl/include/glm/detail/type_vec.hpp">
      </Unit>
      <Unit filename="/home/frederic/Work/SWP2014Master/extern/acgl/include/glm/detail/type_vec1.hpp">
      </Unit>
      <Unit filename="/home/frederic/Work/SWP2014Master/extern/acgl/include/glm/detail/type_vec2.hpp">
      </Unit>
      <Unit filename="/home/frederic/Work/SWP2014Master/extern/acgl/include/glm/detail/type_vec3.hpp">
      </Unit>
      <Unit filename="/home/frederic/Work/SWP2014Master/extern/acgl/include/glm/detail/type_vec4.hpp">
      </Unit>
      <Unit filename="/home/frederic/Work/SWP2014Master/extern/acgl/include/glm/exponential.hpp">
      </Unit>
      <Unit filename="/home/frederic/Work/SWP2014Master/extern/acgl/include/glm/ext.hpp">
      </Unit>
      <Unit filename="/home/frederic/Work/SWP2014Master/extern/acgl/include/glm/fwd.hpp">
      </Unit>
      <Unit filename="/home/frederic/Work/SWP2014Master/extern/acgl/include/glm/geometric.hpp">
      </Unit>
      <Unit filename="/home/frederic/Work/SWP2014Master/extern/acgl/include/glm/glm.hpp">
      </Unit>
      <Unit filename="/home/frederic/Work/SWP2014Master/extern/acgl/include/glm/gtc/constants.hpp">
      </Unit>
      <Unit filename="/home/frederic/Work/SWP2014Master/extern/acgl/include/glm/gtc/epsilon.hpp">
      </Unit>
      <Unit filename="/home/frederic/Work/SWP2014Master/extern/acgl/include/glm/gtc/matrix_access.hpp">
      </Unit>
      <Unit filename="/home/frederic/Work/SWP2014Master/extern/acgl/include/glm/gtc/matrix_integer.hpp">
      </Unit>
      <Unit filename="/home/frederic/Work/SWP2014Master/extern/acgl/include/glm/gtc/matrix_inverse.hpp">
      </Unit>
      <Unit filename="/home/frederic/Work/SWP2014Master/extern/acgl/include/glm/gtc/matrix_transform.hpp">
      </Unit>
      <Unit filename="/home/frederic/Work/SWP2014Master/extern/acgl/include/glm/gtc/noise.hpp">
      </Unit>
      <Unit filename="/home/frederic/Work/SWP2014Master/extern/acgl/include/glm/gtc/packing.hpp">
      </Unit>
      <Unit filename="/home/frederic/Work/SWP2014Master/extern/acgl/include/glm/gtc/quaternion.hpp">
      </Unit>
      <Unit filename="/home/frederic/Work/SWP2014Master/extern/acgl/include/glm/gtc/random.hpp">
      </Unit>
      <Unit filename="/home/frederic/Work/SWP2014Master/extern/acgl/include/glm/gtc/reciprocal.hpp">
      </Unit>
      <Unit filename="/home/frederic/Work/SWP2014Master/extern/acgl/include/glm/gtc/type_precision.hpp">
      </Unit>
      <Unit filename="/home/frederic/Work/SWP2014Master/extern/acgl/include/glm/gtc/type_ptr.hpp">
      </Unit>
      <Unit filename="/home/frederic/Work/SWP2014Master/extern/acgl/include/glm/gtc/ulp.hpp">
      </Unit>
      <Unit filename="/home/frederic/Work/SWP2014Master/extern/acgl/include/glm/gtx/associated_min_max.hpp">
      </Unit>
      <Unit filename="/home/frederic/Work/SWP2014Master/extern/acgl/include/glm/gtx/bit.hpp">
      </Unit>
      <Unit filename="/home/frederic/Work/SWP2014Master/extern/acgl/include/glm/gtx/closest_point.hpp">
      </Unit>
      <Unit filename="/home/frederic/Work/SWP2014Master/extern/acgl/include/glm/gtx/color_space.hpp">
      </Unit>
      <Unit filename="/home/frederic/Work/SWP2014Master/extern/acgl/include/glm/gtx/color_space_YCoCg.hpp">
      </Unit>
      <Unit filename="/home/frederic/Work/SWP2014Master/extern/acgl/include/glm/gtx/compatibility.hpp">
      </Unit>
      <Unit filename="/home/frederic/Work/SWP2014Master/extern/acgl/include/glm/gtx/component_wise.hpp">
      </Unit>
      <Unit filename="/home/frederic/Work/SWP2014Master/extern/acgl/include/glm/gtx/constants.hpp">
      </Unit>
      <Unit filename="/home/frederic/Work/SWP2014Master/extern/acgl/include/glm/gtx/dual_quaternion.hpp">
      </Unit>
      <Unit filename="/home/frederic/Work/SWP2014Master/extern/acgl/include/glm/gtx/epsilon.hpp">
      </Unit>
      <Unit filename="/home/frederic/Work/SWP2014Master/extern/acgl/include/glm/gtx/euler_angles.hpp">
      </Unit>
      <Unit filename="/home/frederic/Work/SWP2014Master/extern/acgl/include/glm/gtx/extend.hpp">
      </Unit>
      <Unit filename="/home/frederic/Work/SWP2014Master/extern/acgl/include/glm/gtx/extented_min_max.hpp">
      </Unit>
      <Unit filename="/home/frederic/Work/SWP2014Master/extern/acgl/include/glm/gtx/fast_exponential.hpp">
      </Unit>
      <Unit filename="/home/frederic/Work/SWP2014Master/extern/acgl/include/glm/gtx/fast_square_root.hpp">
      </Unit>
      <Unit filename="/home/frederic/Work/SWP2014Master/extern/acgl/include/glm/gtx/fast_trigonometry.hpp">
      </Unit>
      <Unit filename="/home/frederic/Work/SWP2014Master/extern/acgl/include/glm/gtx/gradient_paint.hpp">
      </Unit>
      <Unit filename="/home/frederic/Work/SWP2014Master/extern/acgl/include/glm/gtx/handed_coordinate_space.hpp">
      </Unit>
      <Unit filename="/home/frederic/Work/SWP2014Master/extern/acgl/include/glm/gtx/inertia.hpp">
      </Unit>
      <Unit filename="/home/frederic/Work/SWP2014Master/extern/acgl/include/glm/gtx/int_10_10_10_2.hpp">
      </Unit>
      <Unit filename="/home/frederic/Work/SWP2014Master/extern/acgl/include/glm/gtx/integer.hpp">
      </Unit>
      <Unit filename="/home/frederic/Work/SWP2014Master/extern/acgl/include/glm/gtx/intersect.hpp">
      </Unit>
      <Unit filename="/home/frederic/Work/SWP2014Master/extern/acgl/include/glm/gtx/io.hpp">
      </Unit>
      <Unit filename="/home/frederic/Work/SWP2014Master/extern/acgl/include/glm/gtx/log_base.hpp">
      </Unit>
      <Unit filename="/home/frederic/Work/SWP2014Master/extern/acgl/include/glm/gtx/matrix_cross_product.hpp">
      </Unit>
      <Unit filename="/home/frederic/Work/SWP2014Master/extern/acgl/include/glm/gtx/matrix_interpolation.hpp">
      </Unit>
      <Unit filename="/home/frederic/Work/SWP2014Master/extern/acgl/include/glm/gtx/matrix_major_storage.hpp">
      </Unit>
      <Unit filename="/home/frederic/Work/SWP2014Master/extern/acgl/include/glm/gtx/matrix_operation.hpp">
      </Unit>
      <Unit filename="/home/frederic/Work/SWP2014Master/extern/acgl/include/glm/gtx/matrix_query.hpp">
      </Unit>
      <Unit filename="/home/frederic/Work/SWP2014Master/extern/acgl/include/glm/gtx/mixed_product.hpp">
      </Unit>
      <Unit filename="/home/frederic/Work/SWP2014Master/extern/acgl/include/glm/gtx/multiple.hpp">
      </Unit>
      <Unit filename="/home/frederic/Work/SWP2014Master/extern/acgl/include/glm/gtx/noise.hpp">
      </Unit>
      <Unit filename="/home/frederic/Work/SWP2014Master/extern/acgl/include/glm/gtx/norm.hpp">
      </Unit>
      <Unit filename="/home/frederic/Work/SWP2014Master/extern/acgl/include/glm/gtx/normal.hpp">
      </Unit>
      <Unit filename="/home/frederic/Work/SWP2014Master/extern/acgl/include/glm/gtx/normalize_dot.hpp">
      </Unit>
      <Unit filename="/home/frederic/Work/SWP2014Master/extern/acgl/include/glm/gtx/number_precision.hpp">
      </Unit>
      <Unit filename="/home/frederic/Work/SWP2014Master/extern/acgl/include/glm/gtx/optimum_pow.hpp">
      </Unit>
      <Unit filename="/home/frederic/Work/SWP2014Master/extern/acgl/include/glm/gtx/orthonormalize.hpp">
      </Unit>
      <Unit filename="/home/frederic/Work/SWP2014Master/extern/acgl/include/glm/gtx/perpendicular.hpp">
      </Unit>
      <Unit filename="/home/frederic/Work/SWP2014Master/extern/acgl/include/glm/gtx/polar_coordinates.hpp">
      </Unit>
      <Unit filename="/home/frederic/Work/SWP2014Master/extern/acgl/include/glm/gtx/projection.hpp">
      </Unit>
      <Unit filename="/home/frederic/Work/SWP2014Master/extern/acgl/include/glm/gtx/quaternion.hpp">
      </Unit>
      <Unit filename="/home/frederic/Work/SWP2014Master/extern/acgl/include/glm/gtx/random.hpp">
      </Unit>
      <Unit filename="/home/frederic/Work/SWP2014Master/extern/acgl/include/glm/gtx/raw_data.hpp">
      </Unit>
      <Unit filename="/home/frederic/Work/SWP2014Master/extern/acgl/include/glm/gtx/reciprocal.hpp">
      </Unit>
      <Unit filename="/home/frederic/Work/SWP2014Master/extern/acgl/include/glm/gtx/rotate_normalized_axis.hpp">
      </Unit>
      <Unit filename="/home/frederic/Work/SWP2014Master/extern/acgl/include/glm/gtx/rotate_vector.hpp">
      </Unit>
      <Unit filename="/home/frederic/Work/SWP2014Master/extern/acgl/include/glm/gtx/scalar_relational.hpp">
      </Unit>
      <Unit filename="/home/frederic/Work/SWP2014Master/extern/acgl/include/glm/gtx/simd_mat4.hpp">
      </Unit>
      <Unit filename="/home/frederic/Work/SWP2014Master/extern/acgl/include/glm/gtx/simd_quat.hpp">
      </Unit>
      <Unit filename="/home/frederic/Work/SWP2014Master/extern/acgl/include/glm/gtx/simd_vec4.hpp">
      </Unit>
      <Unit filename="/home/frederic/Work/SWP2014Master/extern/acgl/include/glm/gtx/spline.hpp">
      </Unit>
      <Unit filename="/home/frederic/Work/SWP2014Master/extern/acgl/include/glm/gtx/std_based_type.hpp">
      </Unit>
      <Unit filename="/home/frederic/Work/SWP2014Master/extern/acgl/include/glm/gtx/string_cast.hpp">
      </Unit>
      <Unit filename="/home/frederic/Work/SWP2014Master/extern/acgl/include/glm/gtx/transform.hpp">
      </Unit>
      <Unit filename="/home/frederic/Work/SWP2014Master/extern/acgl/include/glm/gtx/transform2.hpp">
      </Unit>
      <Unit filename="/home/frederic/Work/SWP2014Master/extern/acgl/include/glm/gtx/ulp.hpp">
      </Unit>
      <Unit filename="/home/frederic/Work/SWP2014Master/extern/acgl/include/glm/gtx/unsigned_int.hpp">
      </Unit>
      <Unit filename="/home/frederic/Work/SWP2014Master/extern/acgl/include/glm/gtx/vec1.hpp">
      </Unit>
      <Unit filename="/home/frederic/Work/SWP2014Master/extern/acgl/include/glm/gtx/vector_angle.hpp">
      </Unit>
      <Unit filename="/home/frederic/Work/SWP2014Master/extern/acgl/include/glm/gtx/vector_query.hpp">
      </Unit>
      <Unit filename="/home/frederic/Work/SWP2014Master/extern/acgl/include/glm/gtx/wrap.hpp">
      </Unit>
      <Unit filename="/home/frederic/Work/SWP2014Master/extern/acgl/include/glm/integer.hpp">
      </Unit>
      <Unit filename="/home/frederic/Work/SWP2014Master/extern/acgl/include/glm/mat2x2.hpp">
      </Unit>
      <Unit filename="/home/frederic/Work/SWP2014Master/extern/acgl/include/glm/mat2x3.hpp">
      </Unit>
      <Unit filename="/home/frederic/Work/SWP2014Master/extern/acgl/include/glm/mat2x4.hpp">
      </Unit>
      <Unit filename="/home/frederic/Work/SWP2014Master/extern/acgl/include/glm/mat3x2.hpp">
      </Unit>
      <Unit filename="/home/frederic/Work/SWP2014Master/extern/acgl/include/glm/mat3x3.hpp">
      </Unit>
      <Unit filename="/home/frederic/Work/SWP2014Master/extern/acgl/include/glm/mat3x4.hpp">
      </Unit>
      <Unit filename="/home/frederic/Work/SWP2014Master/extern/acgl/include/glm/mat4x2.hpp">
      </Unit>
      <Unit filename="/home/frederic/Work/SWP2014Master/extern/acgl/include/glm/mat4x3.hpp">
      </Unit>
      <Unit filename="/home/frederic/Work/SWP2014Master/extern/acgl/include/glm/mat4x4.hpp">
      </Unit>
      <Unit filename="/home/frederic/Work/SWP2014Master/extern/acgl/include/glm/matrix.hpp">
      </Unit>
      <Unit filename="/home/frederic/Work/SWP2014Master/extern/acgl/include/glm/packing.hpp">
      </Unit>
      <Unit filename="/home/frederic/Work/SWP2014Master/extern/acgl/include/glm/trigonometric.hpp">
      </Unit>
      <Unit filename="/home/frederic/Work/SWP2014Master/extern/acgl/include/glm/vec2.hpp">
      </Unit>
      <Unit filename="/home/frederic/Work/SWP2014Master/extern/acgl/include/glm/vec3.hpp">
      </Unit>
      <Unit filename="/home/frederic/Work/SWP2014Master/extern/acgl/include/glm/vec4.hpp">
      </Unit>
      <Unit filename="/home/frederic/Work/SWP2014Master/extern/acgl/include/glm/vector_relational.hpp">
      </Unit>
      <Unit filename="/home/frederic/Work/SWP2014Master/extern/acgl/include/glm/virtrev/xstream.hpp">
      </Unit>
      <Unit filename="/home/frederic/Work/SWP2014Master/extern/acgl/include/linuxjoystick/Joystick.h">
      </Unit>
      <Unit filename="/home/frederic/Work/SWP2014Master/extern/acgl/include/lodepng/lodepng.h">
      </Unit>
      <Unit filename="/home/frederic/Work/SWP2014Master/extern/acgl/include/nv_dds/nv_dds.h">
      </Unit>
      <Unit filename="/home/frederic/Work/SWP2014Master/extern/acgl/include/rgbe/rgbe.hh">
      </Unit>
      <Unit filename="/home/frederic/Work/SWP2014Master/extern/glfw/include/GLFW/glfw3.h">
      </Unit>
      <Unit filename="/home/frederic/Work/SWP2014Master/extern/glfw/include/GLFW/glfw3native.h">
      </Unit>
      <Unit filename="/home/frederic/Work/SWP2014Master/extern/wiic/src/log/accsample.h">
      </Unit>
      <Unit filename="/home/frederic/Work/SWP2014Master/extern/wiic/src/log/dataset.h">
      </Unit>
      <Unit filename="/home/frederic/Work/SWP2014Master/extern/wiic/src/log/sample.h">
      </Unit>
      <Unit filename="/home/frederic/Work/SWP2014Master/extern/wiic/src/log/training.h">
      </Unit>
      <Unit filename="/home/frederic/Work/SWP2014Master/extern/wiic/src/wiic/balanceboard.h">
      </Unit>
      <Unit filename="/home/frederic/Work/SWP2014Master/extern/wiic/src/wiic/classic.h">
      </Unit>
      <Unit filename="/home/frederic/Work/SWP2014Master/extern/wiic/src/wiic/definitions.h">
      </Unit>
      <Unit filename="/home/frederic/Work/SWP2014Master/extern/wiic/src/wiic/dynamics.h">
      </Unit>
      <Unit filename="/home/frederic/Work/SWP2014Master/extern/wiic/src/wiic/events.h">
      </Unit>
      <Unit filename="/home/frederic/Work/SWP2014Master/extern/wiic/src/wiic/guitar_hero_3.h">
      </Unit>
      <Unit filename="/home/frederic/Work/SWP2014Master/extern/wiic/src/wiic/io.h">
      </Unit>
      <Unit filename="/home/frederic/Work/SWP2014Master/extern/wiic/src/wiic/io_mac.h">
      </Unit>
      <Unit filename="/home/frederic/Work/SWP2014Master/extern/wiic/src/wiic/ir.h">
      </Unit>
      <Unit filename="/home/frederic/Work/SWP2014Master/extern/wiic/src/wiic/motionplus.h">
      </Unit>
      <Unit filename="/home/frederic/Work/SWP2014Master/extern/wiic/src/wiic/nunchuk.h">
      </Unit>
      <Unit filename="/home/frederic/Work/SWP2014Master/extern/wiic/src/wiic/speaker.h">
      </Unit>
      <Unit filename="/home/frederic/Work/SWP2014Master/extern/wiic/src/wiic/wiic.h">
      </Unit>
      <Unit filename="/home/frederic/Work/SWP2014Master/extern/wiic/src/wiic/wiic_doc.h">
      </Unit>
      <Unit filename="/home/frederic/Work/SWP2014Master/extern/wiic/src/wiic/wiic_functions.h">
      </Unit>
      <Unit filename="/home/frederic/Work/SWP2014Master/extern/wiic/src/wiic/wiic_internal.h">
      </Unit>
      <Unit filename="/home/frederic/Work/SWP2014Master/extern/wiic/src/wiic/wiic_macros.h">
      </Unit>
      <Unit filename="/home/frederic/Work/SWP2014Master/extern/wiic/src/wiic/wiic_structs.h">
      </Unit>
      <Unit filename="/home/frederic/Work/SWP2014Master/extern/wiic/src/wiicpp/wiicpp.h">
      </Unit>
      <Unit filename="/home/frederic/Work/SWP2014Master/src/audio/AL.hh">
      </Unit>
      <Unit filename="/home/frederic/Work/SWP2014Master/src/audio/SimpleSound.hh">
      </Unit>
      <Unit filename="/home/frederic/Work/SWP2014Master/src/audio/audio.hh">
      </Unit>
      <Unit filename="/home/frederic/Work/SWP2014Master/src/audio/loadWavFile.hh">
      </Unit>
      <Unit filename="/home/frederic/Work/SWP2014Master/src/cgengine/headers/lights/CGEDirectionalLight.h">
      </Unit>
      <Unit filename="/home/frederic/Work/SWP2014Master/src/cgengine/headers/lights/CGELight.h">
      </Unit>
      <Unit filename="/home/frederic/Work/SWP2014Master/src/cgengine/headers/lights/CGEPointLight.h">
      </Unit>
      <Unit filename="/home/frederic/Work/SWP2014Master/src/cgengine/headers/lights/CGESpotLight.h">
      </Unit>
      <Unit filename="/home/frederic/Work/SWP2014Master/src/cgengine/headers/lights/CGE_multiple_lights.h">
      </Unit>
      <Unit filename="/home/frederic/Work/SWP2014Master/src/cgengine/headers/lights/sh_adapt/shader_adapter.h">
      </Unit>
      <Unit filename="/home/frederic/Work/SWP2014Master/src/cgengine/headers/math/CGEGeometry.h">
      </Unit>
      <Unit filename="/home/frederic/Work/SWP2014Master/src/cgengine/headers/math/CGETransformation.h">
      </Unit>
      <Unit filename="/home/frederic/Work/SWP2014Master/src/cgengine/headers/mesh/CGEAnimatedMesh.h">
      </Unit>
      <Unit filename="/home/frederic/Work/SWP2014Master/src/cgengine/headers/mesh/CGEFullScreenQuad.h">
      </Unit>
      <Unit filename="/home/frederic/Work/SWP2014Master/src/cgengine/headers/mesh/CGEMesh.h">
      </Unit>
      <Unit filename="/home/frederic/Work/SWP2014Master/src/cgengine/headers/object/CGEDrawableObject.h">
      </Unit>
      <Unit filename="/home/frederic/Work/SWP2014Master/src/cgengine/headers/object/CGEObject.h">
      </Unit>
      <Unit filename="/home/frederic/Work/SWP2014Master/src/cgengine/headers/textures/CGEQGLTextures.h">
      </Unit>
      <Unit filename="/home/frederic/Work/SWP2014Master/src/cgengine/headers/textures/CGETexture2D.h">
      </Unit>
      <Unit filename="/home/frederic/Work/SWP2014Master/src/game_logic/headers/event_sys/GLGBaseEvent.h">
      </Unit>
      <Unit filename="/home/frederic/Work/SWP2014Master/src/game_logic/headers/event_sys/GLGEventListener.h">
      </Unit>
      <Unit filename="/home/frederic/Work/SWP2014Master/src/game_logic/headers/event_sys/GLGEventManager.h">
      </Unit>
      <Unit filename="/home/frederic/Work/SWP2014Master/src/game_logic/headers/event_sys/GLGEventManagerInterface.h">
      </Unit>
      <Unit filename="/home/frederic/Work/SWP2014Master/src/game_logic/headers/event_sys/hashed_string.h">
      </Unit>
      <Unit filename="/home/frederic/Work/SWP2014Master/src/game_logic/headers/process_sys/GLGExampleProcesses.h">
      </Unit>
      <Unit filename="/home/frederic/Work/SWP2014Master/src/game_logic/headers/process_sys/GLGProcess.h">
      </Unit>
      <Unit filename="/home/frederic/Work/SWP2014Master/src/game_logic/headers/process_sys/GLGProcessManager.h">
      </Unit>
      <Unit filename="/home/frederic/Work/SWP2014Master/src/input/input.hh">
      </Unit>
      <Unit filename="/home/frederic/Work/SWP2014Master/src/input/mouse.hh">
      </Unit>
      <Unit filename="/home/frederic/Work/SWP2014Master/src/input/wii.hh">
      </Unit>
      <Unit filename="/home/frederic/Work/SWP2014Master/src/world/PhysicsObject.hh">
      </Unit>
      <Unit filename="/home/frederic/Work/SWP2014Master/src/world/audiosystem.hh">
      </Unit>
      <Unit filename="/home/frederic/Work/SWP2014Master/src/world/droid.hh">
      </Unit>
      <Unit filename="/home/frederic/Work/SWP2014Master/src/world/eventlisteners.hh">
      </Unit>
      <Unit filename="/home/frederic/Work/SWP2014Master/src/world/events.hh">
      </Unit>
      <Unit filename="/home/frederic/Work/SWP2014Master/src/world/gbuffer.hh">
      </Unit>
      <Unit filename="/home/frederic/Work/SWP2014Master/src/world/lightsaber.hh">
      </Unit>
      <Unit filename="/home/frederic/Work/SWP2014Master/src/world/player.hh">
      </Unit>
      <Unit filename="/home/frederic/Work/SWP2014Master/src/world/world.hh">
      </Unit>
      <Unit filename="/home/frederic/Work/SWP2014Master/CMakeLists.txt">
          <Option virtualFolder="CMake Files\" />
      </Unit>
      <Unit filename="/home/frederic/Work/SWP2014Master/extern/acgl/CMakeListsStaticInclude.txt">
          <Option virtualFolder="CMake Files\extern\acgl\" />
      </Unit>
      <Unit filename="/home/frederic/Work/SWP2014Master/extern/acgl/cmake/FindGLEW.cmake">
          <Option virtualFolder="CMake Files\extern\acgl\cmake\" />
      </Unit>
      <Unit filename="/home/frederic/Work/SWP2014Master/extern/acgl/cmake/DefinesGLEW.txt">
          <Option virtualFolder="CMake Files\extern\acgl\cmake\" />
      </Unit>
      <Unit filename="/home/frederic/Work/SWP2014Master/extern/wiic/CMakeListsStaticInclude.txt">
          <Option virtualFolder="CMake Files\extern\wiic\" />
      </Unit>
      <Unit filename="/home/frederic/Work/SWP2014Master/extern/LibOVR/CMakeListsStaticInclude.txt">
          <Option virtualFolder="CMake Files\extern\LibOVR\" />
      </Unit>
      <Unit filename="/home/frederic/Work/SWP2014Master/cmake/FindAssimp.cmake">
          <Option virtualFolder="CMake Files\cmake\" />
      </Unit>
      <Unit filename="/home/frederic/Work/SWP2014Master/cmake/FindBullet.cmake">
          <Option virtualFolder="CMake Files\cmake\" />
      </Unit>
      <Unit filename="/home/frederic/Work/SWP2014Master/src/CMakeLists.txt">
          <Option virtualFolder="CMake Files\src\" />
      </Unit>
   </Project>
</CodeBlocks_project_file>
